
Microsoft Visual Studio Solution File, Format Version 12.00
# Visual Studio 15
VisualStudioVersion = 15.0.28307.645
MinimumVisualStudioVersion = 10.0.40219.1
Project("{FAE04EC0-301F-11D3-BF4B-00C04F79EFBC}") = "DemoWapp1", "DemoWapp1\DemoWapp1.csproj", "{60AAF851-630E-413F-A242-81518C1D40D9}"
EndProject
Global
	GlobalSection(SolutionConfigurationPlatforms) = preSolution
		Debug|Any CPU = Debug|Any CPU
		Release|Any CPU = Release|Any CPU
	EndGlobalSection
	GlobalSection(ProjectConfigurationPlatforms) = postSolution
		{60AAF851-630E-413F-A242-81518C1D40D9}.Debug|Any CPU.ActiveCfg = Debug|Any CPU
		{60AAF851-630E-413F-A242-81518C1D40D9}.Debug|Any CPU.Build.0 = Debug|Any CPU
		{60AAF851-630E-413F-A242-81518C1D40D9}.Release|Any CPU.ActiveCfg = Release|Any CPU
		{60AAF851-630E-413F-A242-81518C1D40D9}.Release|Any CPU.Build.0 = Release|Any CPU
	EndGlobalSection
	GlobalSection(SolutionProperties) = preSolution
		HideSolutionNode = FALSE
	EndGlobalSection
	GlobalSection(ExtensibilityGlobals) = postSolution
		SolutionGuid = {AC253A14-6C16-48DE-B082-08FAEA9E842D}
	EndGlobalSection
EndGlobal
